Microsoft Visual Studio Solution File, Format Version 12.00
# Visual Studio 2012
Project("{FAE04EC0-301F-11D3-BF4B-00C04F79EFBC}") = "Новый Игровой Проект", "Новый Игровой Проект.csproj", "{D4DA73C5-441A-4ECF-A5B2-7665B368AFDD}"
EndProject
Global
	GlobalSection(SolutionConfigurationPlatforms) = preSolution
	Debug|Any CPU = Debug|Any CPU
	ExportDebug|Any CPU = ExportDebug|Any CPU
	ExportRelease|Any CPU = ExportRelease|Any CPU
	EndGlobalSection
	GlobalSection(ProjectConfigurationPlatforms) = postSolution
		{D4DA73C5-441A-4ECF-A5B2-7665B368AFDD}.Debug|Any CPU.ActiveCfg = Debug|Any CPU
		{D4DA73C5-441A-4ECF-A5B2-7665B368AFDD}.Debug|Any CPU.Build.0 = Debug|Any CPU
		{D4DA73C5-441A-4ECF-A5B2-7665B368AFDD}.ExportDebug|Any CPU.ActiveCfg = ExportDebug|Any CPU
		{D4DA73C5-441A-4ECF-A5B2-7665B368AFDD}.ExportDebug|Any CPU.Build.0 = ExportDebug|Any CPU
		{D4DA73C5-441A-4ECF-A5B2-7665B368AFDD}.ExportRelease|Any CPU.ActiveCfg = ExportRelease|Any CPU
		{D4DA73C5-441A-4ECF-A5B2-7665B368AFDD}.ExportRelease|Any CPU.Build.0 = ExportRelease|Any CPU
	EndGlobalSection
EndGlobal
